PODS:
  - PTPageRouter (0.0.2)

DEPENDENCIES:
  - PTPageRouter (from `../`)

EXTERNAL SOURCES:
  PTPageRouter:
    :git: ../

CHECKOUT OPTIONS:
  PTPageRouter:
    :commit: cbcce493ab707ce0d5db275a560728300b691509
    :git: ../

SPEC CHECKSUMS:
  PTPageRouter: 18b036ea8183f822f9b5fd24f9145e3e66858892

PODFILE CHECKSUM: 377a0687eb880209fe7f7e862b55513a4994e91d

COCOAPODS: 1.4.0
